
Microsoft Visual Studio Solution File, Format Version 12.00
# Visual Studio Version 17
VisualStudioVersion = 17.8.34330.188
MinimumVisualStudioVersion = 10.0.40219.1
Project("{FAE04EC0-301F-11D3-BF4B-00C04F79EFBC}") = "Langley", "Langley\Langley.csproj", "{460F0D75-7C68-4EDD-BBEC-5D5D94D94456}"
EndProject
Global
	GlobalSection(SolutionConfigurationPlatforms) = preSolution
		Debug|Any CPU = Debug|Any CPU
		Release|Any CPU = Release|Any CPU
	EndGlobalSection
	GlobalSection(ProjectConfigurationPlatforms) = postSolution
		{460F0D75-7C68-4EDD-BBEC-5D5D94D94456}.Debug|Any CPU.ActiveCfg = Debug|Any CPU
		{460F0D75-7C68-4EDD-BBEC-5D5D94D94456}.Debug|Any CPU.Build.0 = Debug|Any CPU
		{460F0D75-7C68-4EDD-BBEC-5D5D94D94456}.Release|Any CPU.ActiveCfg = Release|Any CPU
		{460F0D75-7C68-4EDD-BBEC-5D5D94D94456}.Release|Any CPU.Build.0 = Release|Any CPU
	EndGlobalSection
	GlobalSection(SolutionProperties) = preSolution
		HideSolutionNode = FALSE
	EndGlobalSection
	GlobalSection(ExtensibilityGlobals) = postSolution
		SolutionGuid = {9BA08C3B-3442-4B35-B398-822374E3B7EA}
	EndGlobalSection
EndGlobal
